
Microsoft Visual Studio Solution File, Format Version 12.00
# Visual Studio Version 17
VisualStudioVersion = 17.11.35219.272
MinimumVisualStudioVersion = 10.0.40219.1
Project("{FAE04EC0-301F-11D3-BF4B-00C04F79EFBC}") = "Week5-2", "Week5-2\Week5-2.csproj", "{B3817BB5-139B-4B33-9338-ABE1C6CA8E8B}"
EndProject
Global
	GlobalSection(SolutionConfigurationPlatforms) = preSolution
		Debug|Any CPU = Debug|Any CPU
		Release|Any CPU = Release|Any CPU
	EndGlobalSection
	GlobalSection(ProjectConfigurationPlatforms) = postSolution
		{B3817BB5-139B-4B33-9338-ABE1C6CA8E8B}.Debug|Any CPU.ActiveCfg = Debug|Any CPU
		{B3817BB5-139B-4B33-9338-ABE1C6CA8E8B}.Debug|Any CPU.Build.0 = Debug|Any CPU
		{B3817BB5-139B-4B33-9338-ABE1C6CA8E8B}.Release|Any CPU.ActiveCfg = Release|Any CPU
		{B3817BB5-139B-4B33-9338-ABE1C6CA8E8B}.Release|Any CPU.Build.0 = Release|Any CPU
	EndGlobalSection
	GlobalSection(SolutionProperties) = preSolution
		HideSolutionNode = FALSE
	EndGlobalSection
	GlobalSection(ExtensibilityGlobals) = postSolution
		SolutionGuid = {8A9183CF-9191-4EF3-BB67-864723335D91}
	EndGlobalSection
EndGlobal
